version = 1
requires-python = ">=3.12"

[[package]]
name = "external-package"
version = "0.1.0"
source = { directory = "external-package" }

[[package]]
name = "hotreload"
version = "0.1.0"
source = { path = "../target/wheels/hotreload-0.1.0-cp312-cp312-macosx_11_0_arm64.whl" }
wheels = [
    { filename = "hotreload-0.1.0-cp312-cp312-macosx_11_0_arm64.whl", hash = "sha256:d8355a1855a4f1dfc88cd48a40eeae0f8c635d4135287f036883b59cfba07bd6" },
]

[[package]]
name = "mypackage"
version = "0.1.0"
source = { editable = "." }
dependencies = [
    { name = "external-package" },
    { name = "hotreload" },
]

[package.metadata]
requires-dist = [
    { name = "external-package", directory = "external-package" },
    { name = "hotreload", path = "../target/wheels/hotreload-0.1.0-cp312-cp312-macosx_11_0_arm64.whl" },
]
