version = 1
requires-python = ">=3.12"

[[package]]
name = "external-package"
version = "0.1.0"
source = { editable = "external-package" }

[[package]]
name = "hotreload"
version = "0.1.0"
source = { path = "../target/wheels/hotreload-0.1.0-cp312-cp312-macosx_11_0_arm64.whl" }
wheels = [
    { filename = "hotreload-0.1.0-cp312-cp312-macosx_11_0_arm64.whl", hash = "sha256:3f37a9d5caaf813c42617cb5eafdce66b5699bdaf47ff9af72f11227be49d1db" },
]

[[package]]
name = "mypackage"
version = "0.1.0"
source = { editable = "." }
dependencies = [
    { name = "external-package" },
    { name = "hotreload" },
]

[package.metadata]
requires-dist = [
    { name = "external-package", editable = "external-package" },
    { name = "hotreload", path = "../target/wheels/hotreload-0.1.0-cp312-cp312-macosx_11_0_arm64.whl" },
]
