version = 1
requires-python = ">=3.12"

[[package]]
name = "external-package"
version = "0.1.0"
source = { directory = "external-package" }

[[package]]
name = "hotreload"
version = "0.1.0"
source = { path = "../target/wheels/hotreload-0.1.0-cp312-cp312-macosx_11_0_arm64.whl" }
wheels = [
    { filename = "hotreload-0.1.0-cp312-cp312-macosx_11_0_arm64.whl", hash = "sha256:358826fd55570a957e42c2b1767996bdbfc857743ee00bd646e7975a623e2fa5" },
]

[[package]]
name = "mypackage"
version = "0.1.0"
source = { editable = "." }
dependencies = [
    { name = "external-package" },
    { name = "hotreload" },
]

[package.metadata]
requires-dist = [
    { name = "external-package", directory = "external-package" },
    { name = "hotreload", path = "../target/wheels/hotreload-0.1.0-cp312-cp312-macosx_11_0_arm64.whl" },
]
